
Microsoft Visual Studio Solution File, Format Version 12.00
# Visual Studio Version 16
VisualStudioVersion = 16.0.28917.181
MinimumVisualStudioVersion = 10.0.40219.1
Project("{2150E333-8FDC-42A3-9474-1A3956D46DE8}") = "Presentation", "Presentation", "{DD3E6232-B9BF-4CB4-8EC6-A3DDB2CB1A26}"
EndProject
Project("{2150E333-8FDC-42A3-9474-1A3956D46DE8}") = "Services", "Services", "{05530856-34D6-4340-A83B-4A6EE8F109B1}"
EndProject
Project("{2150E333-8FDC-42A3-9474-1A3956D46DE8}") = "Transversal", "Transversal", "{3E9F26BF-944F-4353-A9C9-D55B930D6795}"
EndProject
Project("{9A19103F-16F7-4668-BE54-9A1E7A4F7556}") = "Turns.Transversal", "Transversal\Turns.Transversal\Turns.Transversal.csproj", "{F98285B3-7CC7-48AA-B655-8990F99CB7C1}"
EndProject
Project("{2150E333-8FDC-42A3-9474-1A3956D46DE8}") = "Service", "Service", "{31088AAC-4656-4F1D-85B8-EBD2A1A82315}"
EndProject
Project("{9A19103F-16F7-4668-BE54-9A1E7A4F7556}") = "Service.Infraestructure", "Services\Service\Service.Infraestructure\Service.Infraestructure.csproj", "{5F1BB07D-5370-4BAC-9233-EF93ABC33D7A}"
EndProject
Project("{9A19103F-16F7-4668-BE54-9A1E7A4F7556}") = "Service.Domain", "Services\Service\Service.Domain\Service.Domain.csproj", "{1222BA0D-D930-480B-B26C-A06B9D280FBF}"
EndProject
Project("{9A19103F-16F7-4668-BE54-9A1E7A4F7556}") = "Service.Entity", "Services\Service\Service.Entities\Service.Entity.csproj", "{C95746B0-5083-451B-8636-F7AEFEB61DC0}"
EndProject
Project("{9A19103F-16F7-4668-BE54-9A1E7A4F7556}") = "Service.Host", "Services\Service\Service.Host\Service.Host.csproj", "{56D83D88-AF42-477D-8D16-5C01B0C797BD}"
EndProject
Project("{9A19103F-16F7-4668-BE54-9A1E7A4F7556}") = "Turns.Web", "Turns.Web\Turns.Web.csproj", "{B577A31C-1091-484D-8F58-6CA4A9383217}"
EndProject
Project("{2150E333-8FDC-42A3-9474-1A3956D46DE8}") = "Entity", "Entity", "{9954D0A2-78A0-4F1A-BD0A-64A1A2049CB8}"
EndProject
Project("{9A19103F-16F7-4668-BE54-9A1E7A4F7556}") = "Entity.Domain", "Services\Entity\Entity.Domain\Entity.Domain.csproj", "{A56AD689-013D-4A83-9EE7-5167C146307D}"
EndProject
Project("{9A19103F-16F7-4668-BE54-9A1E7A4F7556}") = "Entity.Entity", "Services\Entity\Entity.Entity\Entity.Entity.csproj", "{0A8806C9-C0C2-423F-BB39-D8CA39269D19}"
EndProject
Project("{9A19103F-16F7-4668-BE54-9A1E7A4F7556}") = "Entity.Infraestructure", "Services\Entity\Entity.Infraestructure\Entity.Infraestructure.csproj", "{E9043C73-2DAF-4497-9AA4-E1784A59554D}"
EndProject
Project("{9A19103F-16F7-4668-BE54-9A1E7A4F7556}") = "Entity.Host", "Services\Entity\Entity.Host\Entity.Host.csproj", "{8323F4A3-CF8B-46E8-9E61-E82A90E21C2A}"
EndProject
Project("{2150E333-8FDC-42A3-9474-1A3956D46DE8}") = "Banner", "Banner", "{8C622D4B-847D-4534-AD54-4A2D2B3208BB}"
EndProject
Project("{9A19103F-16F7-4668-BE54-9A1E7A4F7556}") = "Banner.Domain", "Services\Banner\Banner.Domain\Banner.Domain.csproj", "{6FF24F21-943E-4835-B9CB-2D2AA64A15E9}"
EndProject
Project("{9A19103F-16F7-4668-BE54-9A1E7A4F7556}") = "Banner.Entity", "Services\Banner\Banner.Entity\Banner.Entity.csproj", "{F3513762-4ECC-46C4-B374-0DD30B48CA13}"
EndProject
Project("{9A19103F-16F7-4668-BE54-9A1E7A4F7556}") = "Banner.Infraestructure", "Services\Banner\Banner.Infraestructure\Banner.Infraestructure.csproj", "{CC57A079-AF99-4912-A4A2-82ABB3F05430}"
EndProject
Project("{9A19103F-16F7-4668-BE54-9A1E7A4F7556}") = "Banner.Host", "Services\Banner\Banner.Host\Banner.Host.csproj", "{08B8D558-24EE-4550-AF21-587D8206CCCA}"
EndProject
Project("{2150E333-8FDC-42A3-9474-1A3956D46DE8}") = "AttentionCenter", "AttentionCenter", "{54C01646-C629-4D5C-820D-5085CB1AC55E}"
EndProject
Project("{9A19103F-16F7-4668-BE54-9A1E7A4F7556}") = "AttentionCenter.Domain", "Services\AttentionCenter\AttentionCenter.Domain\AttentionCenter.Domain.csproj", "{595765C9-7A57-4625-8261-600C232C406B}"
EndProject
Project("{9A19103F-16F7-4668-BE54-9A1E7A4F7556}") = "AttentionCenter.Entity", "Services\AttentionCenter\AttentionCenter.Entity\AttentionCenter.Entity.csproj", "{F5693891-68FB-4351-AFC2-32976E119903}"
EndProject
Project("{9A19103F-16F7-4668-BE54-9A1E7A4F7556}") = "AttentionCenter.Infraestructure", "Services\AttentionCenter\AttentionCenter.Infraestructure\AttentionCenter.Infraestructure.csproj", "{556B1480-A270-4045-91C0-051A75E2EBFA}"
EndProject
Project("{9A19103F-16F7-4668-BE54-9A1E7A4F7556}") = "AttentionCenter.Host", "Services\AttentionCenter\AttentionCenter.Host\AttentionCenter.Host.csproj", "{CBAADCCB-DEB8-4DA2-BC42-6911048DEED2}"
EndProject
Project("{9A19103F-16F7-4668-BE54-9A1E7A4F7556}") = "EntidadxServicio.Domain", "Services\EntidadxServicio\EntidadxServicio.Domain\EntidadxServicio.Domain.csproj", "{F4D0AEE4-9F03-4C7A-9813-FCD3412F8EBA}"
EndProject
Project("{2150E333-8FDC-42A3-9474-1A3956D46DE8}") = "EntidadxServicio", "EntidadxServicio", "{B7CF44FB-F7A4-4987-B962-8889321BE459}"
EndProject
Project("{9A19103F-16F7-4668-BE54-9A1E7A4F7556}") = "EntidadxServicio.Entity", "Services\EntidadxServicio\EntidadxServicio.Entity\EntidadxServicio.Entity.csproj", "{16127FB2-BB8C-4CE1-BFB3-84C4F56BBF22}"
EndProject
Project("{9A19103F-16F7-4668-BE54-9A1E7A4F7556}") = "EntidadxServicio.Infraestructure", "Services\EntidadxServicio\EntidadxServicio.Infraestructure\EntidadxServicio.Infraestructure.csproj", "{B8C4CF36-380C-4954-99EB-42BCF5D41B77}"
EndProject
Project("{9A19103F-16F7-4668-BE54-9A1E7A4F7556}") = "EntidadxServicio.Host", "Services\EntidadxServicio\EntidadxServicio.Host\EntidadxServicio.Host.csproj", "{C034CCF0-8785-4DA3-B956-4E6438FC8B5D}"
EndProject
Project("{2150E333-8FDC-42A3-9474-1A3956D46DE8}") = "Zone", "Zone", "{48EDD018-4444-47BF-B819-0058EB656C85}"
EndProject
Project("{9A19103F-16F7-4668-BE54-9A1E7A4F7556}") = "Zone.Domain", "Services\Zone\Zone.Domain\Zone.Domain.csproj", "{02B5F9DF-D67E-4042-A390-6AE7E85C6E2F}"
EndProject
Project("{9A19103F-16F7-4668-BE54-9A1E7A4F7556}") = "Zone.Entity", "Services\Zone\Zone.Entity\Zone.Entity.csproj", "{8783CF62-18A8-4FEA-B6D4-C3B4EF2993F5}"
EndProject
Project("{9A19103F-16F7-4668-BE54-9A1E7A4F7556}") = "Zone.Infraestructure", "Services\Zone\Zone.Infraestructure\Zone.Infraestructure.csproj", "{CF0F5C9C-12F6-4040-B62D-CD79E6FF9352}"
EndProject
Project("{9A19103F-16F7-4668-BE54-9A1E7A4F7556}") = "Zone.Host", "Services\Zone\Zone.Host\Zone.Host.csproj", "{DF083F9B-E54D-4026-BF21-14F775FF474A}"
EndProject
Project("{2150E333-8FDC-42A3-9474-1A3956D46DE8}") = "Window", "Window", "{3A87B4C5-0393-4BFB-9EAE-70FAF838122E}"
EndProject
Project("{9A19103F-16F7-4668-BE54-9A1E7A4F7556}") = "Window.Domain", "Services\Window\Window.Domain\Window.Domain.csproj", "{1D8CD238-39FC-4A14-B115-8C6F80F5C818}"
EndProject
Project("{9A19103F-16F7-4668-BE54-9A1E7A4F7556}") = "Window.Entity", "Services\Window\Window.Entity\Window.Entity.csproj", "{8B0B6755-5656-484E-A629-415EBCB6801C}"
EndProject
Project("{9A19103F-16F7-4668-BE54-9A1E7A4F7556}") = "Window.Infraestructure", "Services\Window\Window.Infraestructure\Window.Infraestructure.csproj", "{67377BF9-D3BF-450E-92DB-D0D6F5BA8C3D}"
EndProject
Project("{9A19103F-16F7-4668-BE54-9A1E7A4F7556}") = "Window.Host", "Services\Window\Window.Host\Window.Host.csproj", "{64871D17-5550-455C-84CC-EE42269E8A88}"
EndProject
Project("{2150E333-8FDC-42A3-9474-1A3956D46DE8}") = "Video", "Video", "{F5D88124-E48F-498E-AF87-5D0F5D137B3A}"
EndProject
Project("{9A19103F-16F7-4668-BE54-9A1E7A4F7556}") = "Video.Domain", "Services\Video\Video.Domain\Video.Domain.csproj", "{C053BB05-A40D-468E-9F46-B2E353CDDEBF}"
EndProject
Project("{9A19103F-16F7-4668-BE54-9A1E7A4F7556}") = "Video.Entity", "Services\Video\Video.Entity\Video.Entity.csproj", "{191BEBD5-8164-420C-BEB0-0C239C909461}"
EndProject
Project("{9A19103F-16F7-4668-BE54-9A1E7A4F7556}") = "Video.Infraestructure", "Services\Video\Video.Infraestructure\Video.Infraestructure.csproj", "{CC5A644B-7E8D-4C88-AE25-97C9A9F02CF7}"
EndProject
Project("{9A19103F-16F7-4668-BE54-9A1E7A4F7556}") = "Video.Host", "Services\Video\Video.Host\Video.Host.csproj", "{64A9D483-916B-4AC4-A5AF-CF51640AD131}"
EndProject
Project("{2150E333-8FDC-42A3-9474-1A3956D46DE8}") = "Appointment", "Appointment", "{A2AAB09E-25AA-404A-B304-4955CCA8F195}"
EndProject
Project("{9A19103F-16F7-4668-BE54-9A1E7A4F7556}") = "Appointment.Domain", "Services\Appointment\Appointment.Domain\Appointment.Domain.csproj", "{260DE540-03D2-4AC7-A69C-C6046134ED22}"
EndProject
Project("{9A19103F-16F7-4668-BE54-9A1E7A4F7556}") = "Appointment.Entity", "Services\Appointment\Appointment.Entity\Appointment.Entity.csproj", "{3F855CFE-DB77-4ABF-B6C0-C81D2AEA2AF6}"
EndProject
Project("{9A19103F-16F7-4668-BE54-9A1E7A4F7556}") = "Appointment.Infraestructure", "Services\Appointment\Appointment.Infraestructure\Appointment.Infraestructure.csproj", "{168F1D42-B4BE-409C-A979-22F248B9D133}"
EndProject
Project("{9A19103F-16F7-4668-BE54-9A1E7A4F7556}") = "Appointment.Host", "Services\Appointment\Appointment.Host\Appointment.Host.csproj", "{0DA8154A-02F1-453E-B1F0-AA7ED567A627}"
EndProject
Project("{2150E333-8FDC-42A3-9474-1A3956D46DE8}") = "TicketType", "TicketType", "{A84533B1-2878-4216-8F99-3E3757744516}"
EndProject
Project("{9A19103F-16F7-4668-BE54-9A1E7A4F7556}") = "TicketType.Domain", "Services\TicketType\TicketType.Domain\TicketType.Domain.csproj", "{ACECF01E-B07E-4613-9774-533C91C88AA9}"
EndProject
Project("{9A19103F-16F7-4668-BE54-9A1E7A4F7556}") = "TicketType.Entity", "Services\TicketType\TicketType.Entity\TicketType.Entity.csproj", "{85492BAB-23C2-4B22-91C9-7EAB31275392}"
EndProject
Project("{9A19103F-16F7-4668-BE54-9A1E7A4F7556}") = "TicketType.Infraestructure", "Services\TicketType\TicketType.Infraestructure\TicketType.Infraestructure.csproj", "{8C211977-2D70-4518-8B89-AD93A86A2A23}"
EndProject
Project("{9A19103F-16F7-4668-BE54-9A1E7A4F7556}") = "TicketType.Host", "Services\TicketType\TicketType.Host\TicketType.Host.csproj", "{06A2C33E-0FE7-4DED-BDAD-192DD400794E}"
EndProject
Project("{2150E333-8FDC-42A3-9474-1A3956D46DE8}") = "AttentionCenterxService", "AttentionCenterxService", "{F4D8123A-7BEC-473C-962F-5C671DEBDEA8}"
EndProject
Project("{9A19103F-16F7-4668-BE54-9A1E7A4F7556}") = "AttentionCenterxService.Domain", "Services\AttentionCenterxService\AttentionCenterxService.Domain\AttentionCenterxService.Domain.csproj", "{4026D161-D78C-4396-A324-6701A5484CE5}"
EndProject
Project("{9A19103F-16F7-4668-BE54-9A1E7A4F7556}") = "AttentionCenterxService.Entity", "Services\AttentionCenterxService\AttentionCenterxService.Entity\AttentionCenterxService.Entity.csproj", "{9C819FEA-2B60-475A-9D23-DF777344DCF2}"
EndProject
Project("{2150E333-8FDC-42A3-9474-1A3956D46DE8}") = "EntityxAttentionCenter", "EntityxAttentionCenter", "{626EA706-F41F-492A-9AB0-F7347DB50DEB}"
EndProject
Project("{9A19103F-16F7-4668-BE54-9A1E7A4F7556}") = "EntityxAttentionCenter.Domain", "Services\EntityxAttentionCenter\EntityxAttentionCenter.Domain\EntityxAttentionCenter.Domain.csproj", "{A517EE27-239F-4AED-9A27-8AAEF2227FAA}"
EndProject
Project("{9A19103F-16F7-4668-BE54-9A1E7A4F7556}") = "EntityxAttentionCenter.Entity", "Services\EntityxAttentionCenter\EntityxAttentionCenter.Entity\EntityxAttentionCenter.Entity.csproj", "{A72DD34A-F94D-4606-A023-9D2C99333088}"
EndProject
Project("{9A19103F-16F7-4668-BE54-9A1E7A4F7556}") = "EntityxAttentionCenter.Infraestructure", "Services\EntityxAttentionCenter\EntityxAttentionCenter.Infraestructure\EntityxAttentionCenter.Infraestructure.csproj", "{AEECE34E-E032-4C7E-AE70-921BD6B57A06}"
EndProject
Project("{9A19103F-16F7-4668-BE54-9A1E7A4F7556}") = "EntityxAttentionCenter.Host", "Services\EntityxAttentionCenter\EntityxAttentionCenter.Host\EntityxAttentionCenter.Host.csproj", "{51A57E1E-802F-4DDB-B4D2-796F7FBFDAC1}"
EndProject
Project("{9A19103F-16F7-4668-BE54-9A1E7A4F7556}") = "AttentionCenterxService.Infraestructure", "Services\AttentionCenterxService\AttentionCenterxService.Infraestructure\AttentionCenterxService.Infraestructure.csproj", "{8337D014-D80B-40B9-9D36-146C067CDD85}"
EndProject
Project("{9A19103F-16F7-4668-BE54-9A1E7A4F7556}") = "AttentionCenterxService.Host", "Services\AttentionCenterxService\AttentionCenterxService.Host\AttentionCenterxService.Host.csproj", "{A21AF85D-A129-42E3-BBFD-27641581AD24}"
EndProject
Project("{2150E333-8FDC-42A3-9474-1A3956D46DE8}") = "BannerxZone", "BannerxZone", "{A7095422-6628-4959-AEC0-A96C095C2000}"
EndProject
Project("{9A19103F-16F7-4668-BE54-9A1E7A4F7556}") = "BannerxZone.Domain", "Services\BannerxZone\BannerxZone.Domain\BannerxZone.Domain.csproj", "{0AB79441-F5DE-41DA-8BC1-B6CFCB624A4B}"
EndProject
Project("{9A19103F-16F7-4668-BE54-9A1E7A4F7556}") = "BannerxZone.Entity", "Services\BannerxZone\BannerxZone.Entity\BannerxZone.Entity.csproj", "{5DEE8CC2-45CB-4218-B4EB-D5E38AF7EEA9}"
EndProject
Project("{9A19103F-16F7-4668-BE54-9A1E7A4F7556}") = "BannerxZone.Host", "Services\BannerxZone\BannerxZone.Host\BannerxZone.Host.csproj", "{C97A58F2-B1EC-4BFA-99C8-7F397D63039A}"
EndProject
Project("{9A19103F-16F7-4668-BE54-9A1E7A4F7556}") = "BannerxZone.Infraestructure", "Services\BannerxZone\BannerxZone.Infraestructure\BannerxZone.Infraestructure.csproj", "{9A9E16AE-5975-47FC-B7E7-8A490B34FA0C}"
EndProject
Project("{2150E333-8FDC-42A3-9474-1A3956D46DE8}") = "Ticket", "Ticket", "{73D8AE05-638D-411C-A315-ED248D816EDE}"
EndProject
Project("{9A19103F-16F7-4668-BE54-9A1E7A4F7556}") = "Ticket.Domain", "Services\Ticket\Ticket.Domain\Ticket.Domain.csproj", "{A3D0B922-52F8-406E-B4CE-D1AB0D602BE5}"
EndProject
Project("{9A19103F-16F7-4668-BE54-9A1E7A4F7556}") = "Ticket.Entity", "Services\Ticket\Ticket.Entity\Ticket.Entity.csproj", "{20FD485A-63A6-4E29-B1F8-1155D27B3501}"
EndProject
Project("{9A19103F-16F7-4668-BE54-9A1E7A4F7556}") = "Ticket.Infraestructure", "Services\Ticket\Ticket.Infraestructure\Ticket.Infraestructure.csproj", "{EA6655EC-7729-4370-88FF-233C485D1FA0}"
EndProject
Project("{9A19103F-16F7-4668-BE54-9A1E7A4F7556}") = "Ticket.Host", "Services\Ticket\Ticket.Host\Ticket.Host.csproj", "{65E397AD-277B-453C-9D8A-F0D1FD389004}"
EndProject
Project("{2150E333-8FDC-42A3-9474-1A3956D46DE8}") = "Security", "Security", "{339D4A34-FA12-45F8-A7D5-12188954A0D4}"
EndProject
Project("{FAE04EC0-301F-11D3-BF4B-00C04F79EFBC}") = "Security.Entity", "Security.Entity\Security.Entity.csproj", "{12D444F7-C9D1-4F3D-BD50-579188A6F5D3}"
EndProject
Project("{FAE04EC0-301F-11D3-BF4B-00C04F79EFBC}") = "Security.Infraestructura", "Security.Infraestructura\Security.Infraestructura.csproj", "{9514BD0D-BFA2-4EBC-9A71-915C4270EFF0}"
EndProject
Project("{FAE04EC0-301F-11D3-BF4B-00C04F79EFBC}") = "Security.Domain", "Security.Domain\Security.Domain.csproj", "{C8868C94-B75E-4F82-9BD8-2AB5C08B7B06}"
EndProject
Project("{FAE04EC0-301F-11D3-BF4B-00C04F79EFBC}") = "Security.Host", "Security.Host\Security.Host.csproj", "{BE4F6418-7549-49D8-B10D-4AF53FD04619}"
EndProject
Global
	GlobalSection(SolutionConfigurationPlatforms) = preSolution
		Debug|Any CPU = Debug|Any CPU
		Release|Any CPU = Release|Any CPU
	EndGlobalSection
	GlobalSection(ProjectConfigurationPlatforms) = postSolution
		{F98285B3-7CC7-48AA-B655-8990F99CB7C1}.Debug|Any CPU.ActiveCfg = Debug|Any CPU
		{F98285B3-7CC7-48AA-B655-8990F99CB7C1}.Debug|Any CPU.Build.0 = Debug|Any CPU
		{F98285B3-7CC7-48AA-B655-8990F99CB7C1}.Release|Any CPU.ActiveCfg = Release|Any CPU
		{F98285B3-7CC7-48AA-B655-8990F99CB7C1}.Release|Any CPU.Build.0 = Release|Any CPU
		{5F1BB07D-5370-4BAC-9233-EF93ABC33D7A}.Debug|Any CPU.ActiveCfg = Debug|Any CPU
		{5F1BB07D-5370-4BAC-9233-EF93ABC33D7A}.Debug|Any CPU.Build.0 = Debug|Any CPU
		{5F1BB07D-5370-4BAC-9233-EF93ABC33D7A}.Release|Any CPU.ActiveCfg = Release|Any CPU
		{5F1BB07D-5370-4BAC-9233-EF93ABC33D7A}.Release|Any CPU.Build.0 = Release|Any CPU
		{1222BA0D-D930-480B-B26C-A06B9D280FBF}.Debug|Any CPU.ActiveCfg = Debug|Any CPU
		{1222BA0D-D930-480B-B26C-A06B9D280FBF}.Debug|Any CPU.Build.0 = Debug|Any CPU
		{1222BA0D-D930-480B-B26C-A06B9D280FBF}.Release|Any CPU.ActiveCfg = Release|Any CPU
		{1222BA0D-D930-480B-B26C-A06B9D280FBF}.Release|Any CPU.Build.0 = Release|Any CPU
		{C95746B0-5083-451B-8636-F7AEFEB61DC0}.Debug|Any CPU.ActiveCfg = Debug|Any CPU
		{C95746B0-5083-451B-8636-F7AEFEB61DC0}.Debug|Any CPU.Build.0 = Debug|Any CPU
		{C95746B0-5083-451B-8636-F7AEFEB61DC0}.Release|Any CPU.ActiveCfg = Release|Any CPU
		{C95746B0-5083-451B-8636-F7AEFEB61DC0}.Release|Any CPU.Build.0 = Release|Any CPU
		{56D83D88-AF42-477D-8D16-5C01B0C797BD}.Debug|Any CPU.ActiveCfg = Debug|Any CPU
		{56D83D88-AF42-477D-8D16-5C01B0C797BD}.Debug|Any CPU.Build.0 = Debug|Any CPU
		{56D83D88-AF42-477D-8D16-5C01B0C797BD}.Release|Any CPU.ActiveCfg = Release|Any CPU
		{56D83D88-AF42-477D-8D16-5C01B0C797BD}.Release|Any CPU.Build.0 = Release|Any CPU
		{B577A31C-1091-484D-8F58-6CA4A9383217}.Debug|Any CPU.ActiveCfg = Debug|Any CPU
		{B577A31C-1091-484D-8F58-6CA4A9383217}.Debug|Any CPU.Build.0 = Debug|Any CPU
		{B577A31C-1091-484D-8F58-6CA4A9383217}.Release|Any CPU.ActiveCfg = Release|Any CPU
		{B577A31C-1091-484D-8F58-6CA4A9383217}.Release|Any CPU.Build.0 = Release|Any CPU
		{A56AD689-013D-4A83-9EE7-5167C146307D}.Debug|Any CPU.ActiveCfg = Debug|Any CPU
		{A56AD689-013D-4A83-9EE7-5167C146307D}.Debug|Any CPU.Build.0 = Debug|Any CPU
		{A56AD689-013D-4A83-9EE7-5167C146307D}.Release|Any CPU.ActiveCfg = Release|Any CPU
		{A56AD689-013D-4A83-9EE7-5167C146307D}.Release|Any CPU.Build.0 = Release|Any CPU
		{0A8806C9-C0C2-423F-BB39-D8CA39269D19}.Debug|Any CPU.ActiveCfg = Debug|Any CPU
		{0A8806C9-C0C2-423F-BB39-D8CA39269D19}.Debug|Any CPU.Build.0 = Debug|Any CPU
		{0A8806C9-C0C2-423F-BB39-D8CA39269D19}.Release|Any CPU.ActiveCfg = Release|Any CPU
		{0A8806C9-C0C2-423F-BB39-D8CA39269D19}.Release|Any CPU.Build.0 = Release|Any CPU
		{E9043C73-2DAF-4497-9AA4-E1784A59554D}.Debug|Any CPU.ActiveCfg = Debug|Any CPU
		{E9043C73-2DAF-4497-9AA4-E1784A59554D}.Debug|Any CPU.Build.0 = Debug|Any CPU
		{E9043C73-2DAF-4497-9AA4-E1784A59554D}.Release|Any CPU.ActiveCfg = Release|Any CPU
		{E9043C73-2DAF-4497-9AA4-E1784A59554D}.Release|Any CPU.Build.0 = Release|Any CPU
		{8323F4A3-CF8B-46E8-9E61-E82A90E21C2A}.Debug|Any CPU.ActiveCfg = Debug|Any CPU
		{8323F4A3-CF8B-46E8-9E61-E82A90E21C2A}.Debug|Any CPU.Build.0 = Debug|Any CPU
		{8323F4A3-CF8B-46E8-9E61-E82A90E21C2A}.Release|Any CPU.ActiveCfg = Release|Any CPU
		{8323F4A3-CF8B-46E8-9E61-E82A90E21C2A}.Release|Any CPU.Build.0 = Release|Any CPU
		{6FF24F21-943E-4835-B9CB-2D2AA64A15E9}.Debug|Any CPU.ActiveCfg = Debug|Any CPU
		{6FF24F21-943E-4835-B9CB-2D2AA64A15E9}.Debug|Any CPU.Build.0 = Debug|Any CPU
		{6FF24F21-943E-4835-B9CB-2D2AA64A15E9}.Release|Any CPU.ActiveCfg = Release|Any CPU
		{6FF24F21-943E-4835-B9CB-2D2AA64A15E9}.Release|Any CPU.Build.0 = Release|Any CPU
		{F3513762-4ECC-46C4-B374-0DD30B48CA13}.Debug|Any CPU.ActiveCfg = Debug|Any CPU
		{F3513762-4ECC-46C4-B374-0DD30B48CA13}.Debug|Any CPU.Build.0 = Debug|Any CPU
		{F3513762-4ECC-46C4-B374-0DD30B48CA13}.Release|Any CPU.ActiveCfg = Release|Any CPU
		{F3513762-4ECC-46C4-B374-0DD30B48CA13}.Release|Any CPU.Build.0 = Release|Any CPU
		{CC57A079-AF99-4912-A4A2-82ABB3F05430}.Debug|Any CPU.ActiveCfg = Debug|Any CPU
		{CC57A079-AF99-4912-A4A2-82ABB3F05430}.Debug|Any CPU.Build.0 = Debug|Any CPU
		{CC57A079-AF99-4912-A4A2-82ABB3F05430}.Release|Any CPU.ActiveCfg = Release|Any CPU
		{CC57A079-AF99-4912-A4A2-82ABB3F05430}.Release|Any CPU.Build.0 = Release|Any CPU
		{08B8D558-24EE-4550-AF21-587D8206CCCA}.Debug|Any CPU.ActiveCfg = Debug|Any CPU
		{08B8D558-24EE-4550-AF21-587D8206CCCA}.Debug|Any CPU.Build.0 = Debug|Any CPU
		{08B8D558-24EE-4550-AF21-587D8206CCCA}.Release|Any CPU.ActiveCfg = Release|Any CPU
		{08B8D558-24EE-4550-AF21-587D8206CCCA}.Release|Any CPU.Build.0 = Release|Any CPU
		{595765C9-7A57-4625-8261-600C232C406B}.Debug|Any CPU.ActiveCfg = Debug|Any CPU
		{595765C9-7A57-4625-8261-600C232C406B}.Debug|Any CPU.Build.0 = Debug|Any CPU
		{595765C9-7A57-4625-8261-600C232C406B}.Release|Any CPU.ActiveCfg = Release|Any CPU
		{595765C9-7A57-4625-8261-600C232C406B}.Release|Any CPU.Build.0 = Release|Any CPU
		{F5693891-68FB-4351-AFC2-32976E119903}.Debug|Any CPU.ActiveCfg = Debug|Any CPU
		{F5693891-68FB-4351-AFC2-32976E119903}.Debug|Any CPU.Build.0 = Debug|Any CPU
		{F5693891-68FB-4351-AFC2-32976E119903}.Release|Any CPU.ActiveCfg = Release|Any CPU
		{F5693891-68FB-4351-AFC2-32976E119903}.Release|Any CPU.Build.0 = Release|Any CPU
		{556B1480-A270-4045-91C0-051A75E2EBFA}.Debug|Any CPU.ActiveCfg = Debug|Any CPU
		{556B1480-A270-4045-91C0-051A75E2EBFA}.Debug|Any CPU.Build.0 = Debug|Any CPU
		{556B1480-A270-4045-91C0-051A75E2EBFA}.Release|Any CPU.ActiveCfg = Release|Any CPU
		{556B1480-A270-4045-91C0-051A75E2EBFA}.Release|Any CPU.Build.0 = Release|Any CPU
		{CBAADCCB-DEB8-4DA2-BC42-6911048DEED2}.Debug|Any CPU.ActiveCfg = Debug|Any CPU
		{CBAADCCB-DEB8-4DA2-BC42-6911048DEED2}.Debug|Any CPU.Build.0 = Debug|Any CPU
		{CBAADCCB-DEB8-4DA2-BC42-6911048DEED2}.Release|Any CPU.ActiveCfg = Release|Any CPU
		{CBAADCCB-DEB8-4DA2-BC42-6911048DEED2}.Release|Any CPU.Build.0 = Release|Any CPU
		{F4D0AEE4-9F03-4C7A-9813-FCD3412F8EBA}.Debug|Any CPU.ActiveCfg = Debug|Any CPU
		{F4D0AEE4-9F03-4C7A-9813-FCD3412F8EBA}.Debug|Any CPU.Build.0 = Debug|Any CPU
		{F4D0AEE4-9F03-4C7A-9813-FCD3412F8EBA}.Release|Any CPU.ActiveCfg = Release|Any CPU
		{F4D0AEE4-9F03-4C7A-9813-FCD3412F8EBA}.Release|Any CPU.Build.0 = Release|Any CPU
		{16127FB2-BB8C-4CE1-BFB3-84C4F56BBF22}.Debug|Any CPU.ActiveCfg = Debug|Any CPU
		{16127FB2-BB8C-4CE1-BFB3-84C4F56BBF22}.Debug|Any CPU.Build.0 = Debug|Any CPU
		{16127FB2-BB8C-4CE1-BFB3-84C4F56BBF22}.Release|Any CPU.ActiveCfg = Release|Any CPU
		{16127FB2-BB8C-4CE1-BFB3-84C4F56BBF22}.Release|Any CPU.Build.0 = Release|Any CPU
		{B8C4CF36-380C-4954-99EB-42BCF5D41B77}.Debug|Any CPU.ActiveCfg = Debug|Any CPU
		{B8C4CF36-380C-4954-99EB-42BCF5D41B77}.Debug|Any CPU.Build.0 = Debug|Any CPU
		{B8C4CF36-380C-4954-99EB-42BCF5D41B77}.Release|Any CPU.ActiveCfg = Release|Any CPU
		{B8C4CF36-380C-4954-99EB-42BCF5D41B77}.Release|Any CPU.Build.0 = Release|Any CPU
		{C034CCF0-8785-4DA3-B956-4E6438FC8B5D}.Debug|Any CPU.ActiveCfg = Debug|Any CPU
		{C034CCF0-8785-4DA3-B956-4E6438FC8B5D}.Debug|Any CPU.Build.0 = Debug|Any CPU
		{C034CCF0-8785-4DA3-B956-4E6438FC8B5D}.Release|Any CPU.ActiveCfg = Release|Any CPU
		{C034CCF0-8785-4DA3-B956-4E6438FC8B5D}.Release|Any CPU.Build.0 = Release|Any CPU
		{02B5F9DF-D67E-4042-A390-6AE7E85C6E2F}.Debug|Any CPU.ActiveCfg = Debug|Any CPU
		{02B5F9DF-D67E-4042-A390-6AE7E85C6E2F}.Debug|Any CPU.Build.0 = Debug|Any CPU
		{02B5F9DF-D67E-4042-A390-6AE7E85C6E2F}.Release|Any CPU.ActiveCfg = Release|Any CPU
		{02B5F9DF-D67E-4042-A390-6AE7E85C6E2F}.Release|Any CPU.Build.0 = Release|Any CPU
		{8783CF62-18A8-4FEA-B6D4-C3B4EF2993F5}.Debug|Any CPU.ActiveCfg = Debug|Any CPU
		{8783CF62-18A8-4FEA-B6D4-C3B4EF2993F5}.Debug|Any CPU.Build.0 = Debug|Any CPU
		{8783CF62-18A8-4FEA-B6D4-C3B4EF2993F5}.Release|Any CPU.ActiveCfg = Release|Any CPU
		{8783CF62-18A8-4FEA-B6D4-C3B4EF2993F5}.Release|Any CPU.Build.0 = Release|Any CPU
		{CF0F5C9C-12F6-4040-B62D-CD79E6FF9352}.Debug|Any CPU.ActiveCfg = Debug|Any CPU
		{CF0F5C9C-12F6-4040-B62D-CD79E6FF9352}.Debug|Any CPU.Build.0 = Debug|Any CPU
		{CF0F5C9C-12F6-4040-B62D-CD79E6FF9352}.Release|Any CPU.ActiveCfg = Release|Any CPU
		{CF0F5C9C-12F6-4040-B62D-CD79E6FF9352}.Release|Any CPU.Build.0 = Release|Any CPU
		{DF083F9B-E54D-4026-BF21-14F775FF474A}.Debug|Any CPU.ActiveCfg = Debug|Any CPU
		{DF083F9B-E54D-4026-BF21-14F775FF474A}.Debug|Any CPU.Build.0 = Debug|Any CPU
		{DF083F9B-E54D-4026-BF21-14F775FF474A}.Release|Any CPU.ActiveCfg = Release|Any CPU
		{DF083F9B-E54D-4026-BF21-14F775FF474A}.Release|Any CPU.Build.0 = Release|Any CPU
		{1D8CD238-39FC-4A14-B115-8C6F80F5C818}.Debug|Any CPU.ActiveCfg = Debug|Any CPU
		{1D8CD238-39FC-4A14-B115-8C6F80F5C818}.Debug|Any CPU.Build.0 = Debug|Any CPU
		{1D8CD238-39FC-4A14-B115-8C6F80F5C818}.Release|Any CPU.ActiveCfg = Release|Any CPU
		{1D8CD238-39FC-4A14-B115-8C6F80F5C818}.Release|Any CPU.Build.0 = Release|Any CPU
		{8B0B6755-5656-484E-A629-415EBCB6801C}.Debug|Any CPU.ActiveCfg = Debug|Any CPU
		{8B0B6755-5656-484E-A629-415EBCB6801C}.Debug|Any CPU.Build.0 = Debug|Any CPU
		{8B0B6755-5656-484E-A629-415EBCB6801C}.Release|Any CPU.ActiveCfg = Release|Any CPU
		{8B0B6755-5656-484E-A629-415EBCB6801C}.Release|Any CPU.Build.0 = Release|Any CPU
		{67377BF9-D3BF-450E-92DB-D0D6F5BA8C3D}.Debug|Any CPU.ActiveCfg = Debug|Any CPU
		{67377BF9-D3BF-450E-92DB-D0D6F5BA8C3D}.Debug|Any CPU.Build.0 = Debug|Any CPU
		{67377BF9-D3BF-450E-92DB-D0D6F5BA8C3D}.Release|Any CPU.ActiveCfg = Release|Any CPU
		{67377BF9-D3BF-450E-92DB-D0D6F5BA8C3D}.Release|Any CPU.Build.0 = Release|Any CPU
		{64871D17-5550-455C-84CC-EE42269E8A88}.Debug|Any CPU.ActiveCfg = Debug|Any CPU
		{64871D17-5550-455C-84CC-EE42269E8A88}.Debug|Any CPU.Build.0 = Debug|Any CPU
		{64871D17-5550-455C-84CC-EE42269E8A88}.Release|Any CPU.ActiveCfg = Release|Any CPU
		{64871D17-5550-455C-84CC-EE42269E8A88}.Release|Any CPU.Build.0 = Release|Any CPU
		{C053BB05-A40D-468E-9F46-B2E353CDDEBF}.Debug|Any CPU.ActiveCfg = Debug|Any CPU
		{C053BB05-A40D-468E-9F46-B2E353CDDEBF}.Debug|Any CPU.Build.0 = Debug|Any CPU
		{C053BB05-A40D-468E-9F46-B2E353CDDEBF}.Release|Any CPU.ActiveCfg = Release|Any CPU
		{C053BB05-A40D-468E-9F46-B2E353CDDEBF}.Release|Any CPU.Build.0 = Release|Any CPU
		{191BEBD5-8164-420C-BEB0-0C239C909461}.Debug|Any CPU.ActiveCfg = Debug|Any CPU
		{191BEBD5-8164-420C-BEB0-0C239C909461}.Debug|Any CPU.Build.0 = Debug|Any CPU
		{191BEBD5-8164-420C-BEB0-0C239C909461}.Release|Any CPU.ActiveCfg = Release|Any CPU
		{191BEBD5-8164-420C-BEB0-0C239C909461}.Release|Any CPU.Build.0 = Release|Any CPU
		{CC5A644B-7E8D-4C88-AE25-97C9A9F02CF7}.Debug|Any CPU.ActiveCfg = Debug|Any CPU
		{CC5A644B-7E8D-4C88-AE25-97C9A9F02CF7}.Debug|Any CPU.Build.0 = Debug|Any CPU
		{CC5A644B-7E8D-4C88-AE25-97C9A9F02CF7}.Release|Any CPU.ActiveCfg = Release|Any CPU
		{CC5A644B-7E8D-4C88-AE25-97C9A9F02CF7}.Release|Any CPU.Build.0 = Release|Any CPU
		{64A9D483-916B-4AC4-A5AF-CF51640AD131}.Debug|Any CPU.ActiveCfg = Debug|Any CPU
		{64A9D483-916B-4AC4-A5AF-CF51640AD131}.Debug|Any CPU.Build.0 = Debug|Any CPU
		{64A9D483-916B-4AC4-A5AF-CF51640AD131}.Release|Any CPU.ActiveCfg = Release|Any CPU
		{64A9D483-916B-4AC4-A5AF-CF51640AD131}.Release|Any CPU.Build.0 = Release|Any CPU
		{260DE540-03D2-4AC7-A69C-C6046134ED22}.Debug|Any CPU.ActiveCfg = Debug|Any CPU
		{260DE540-03D2-4AC7-A69C-C6046134ED22}.Debug|Any CPU.Build.0 = Debug|Any CPU
		{260DE540-03D2-4AC7-A69C-C6046134ED22}.Release|Any CPU.ActiveCfg = Release|Any CPU
		{260DE540-03D2-4AC7-A69C-C6046134ED22}.Release|Any CPU.Build.0 = Release|Any CPU
		{3F855CFE-DB77-4ABF-B6C0-C81D2AEA2AF6}.Debug|Any CPU.ActiveCfg = Debug|Any CPU
		{3F855CFE-DB77-4ABF-B6C0-C81D2AEA2AF6}.Debug|Any CPU.Build.0 = Debug|Any CPU
		{3F855CFE-DB77-4ABF-B6C0-C81D2AEA2AF6}.Release|Any CPU.ActiveCfg = Release|Any CPU
		{3F855CFE-DB77-4ABF-B6C0-C81D2AEA2AF6}.Release|Any CPU.Build.0 = Release|Any CPU
		{168F1D42-B4BE-409C-A979-22F248B9D133}.Debug|Any CPU.ActiveCfg = Debug|Any CPU
		{168F1D42-B4BE-409C-A979-22F248B9D133}.Debug|Any CPU.Build.0 = Debug|Any CPU
		{168F1D42-B4BE-409C-A979-22F248B9D133}.Release|Any CPU.ActiveCfg = Release|Any CPU
		{168F1D42-B4BE-409C-A979-22F248B9D133}.Release|Any CPU.Build.0 = Release|Any CPU
		{0DA8154A-02F1-453E-B1F0-AA7ED567A627}.Debug|Any CPU.ActiveCfg = Debug|Any CPU
		{0DA8154A-02F1-453E-B1F0-AA7ED567A627}.Debug|Any CPU.Build.0 = Debug|Any CPU
		{0DA8154A-02F1-453E-B1F0-AA7ED567A627}.Release|Any CPU.ActiveCfg = Release|Any CPU
		{0DA8154A-02F1-453E-B1F0-AA7ED567A627}.Release|Any CPU.Build.0 = Release|Any CPU
		{ACECF01E-B07E-4613-9774-533C91C88AA9}.Debug|Any CPU.ActiveCfg = Debug|Any CPU
		{ACECF01E-B07E-4613-9774-533C91C88AA9}.Debug|Any CPU.Build.0 = Debug|Any CPU
		{ACECF01E-B07E-4613-9774-533C91C88AA9}.Release|Any CPU.ActiveCfg = Release|Any CPU
		{ACECF01E-B07E-4613-9774-533C91C88AA9}.Release|Any CPU.Build.0 = Release|Any CPU
		{85492BAB-23C2-4B22-91C9-7EAB31275392}.Debug|Any CPU.ActiveCfg = Debug|Any CPU
		{85492BAB-23C2-4B22-91C9-7EAB31275392}.Debug|Any CPU.Build.0 = Debug|Any CPU
		{85492BAB-23C2-4B22-91C9-7EAB31275392}.Release|Any CPU.ActiveCfg = Release|Any CPU
		{85492BAB-23C2-4B22-91C9-7EAB31275392}.Release|Any CPU.Build.0 = Release|Any CPU
		{8C211977-2D70-4518-8B89-AD93A86A2A23}.Debug|Any CPU.ActiveCfg = Debug|Any CPU
		{8C211977-2D70-4518-8B89-AD93A86A2A23}.Debug|Any CPU.Build.0 = Debug|Any CPU
		{8C211977-2D70-4518-8B89-AD93A86A2A23}.Release|Any CPU.ActiveCfg = Release|Any CPU
		{8C211977-2D70-4518-8B89-AD93A86A2A23}.Release|Any CPU.Build.0 = Release|Any CPU
		{06A2C33E-0FE7-4DED-BDAD-192DD400794E}.Debug|Any CPU.ActiveCfg = Debug|Any CPU
		{06A2C33E-0FE7-4DED-BDAD-192DD400794E}.Debug|Any CPU.Build.0 = Debug|Any CPU
		{06A2C33E-0FE7-4DED-BDAD-192DD400794E}.Release|Any CPU.ActiveCfg = Release|Any CPU
		{06A2C33E-0FE7-4DED-BDAD-192DD400794E}.Release|Any CPU.Build.0 = Release|Any CPU
		{4026D161-D78C-4396-A324-6701A5484CE5}.Debug|Any CPU.ActiveCfg = Debug|Any CPU
		{4026D161-D78C-4396-A324-6701A5484CE5}.Debug|Any CPU.Build.0 = Debug|Any CPU
		{4026D161-D78C-4396-A324-6701A5484CE5}.Release|Any CPU.ActiveCfg = Release|Any CPU
		{4026D161-D78C-4396-A324-6701A5484CE5}.Release|Any CPU.Build.0 = Release|Any CPU
		{9C819FEA-2B60-475A-9D23-DF777344DCF2}.Debug|Any CPU.ActiveCfg = Debug|Any CPU
		{9C819FEA-2B60-475A-9D23-DF777344DCF2}.Debug|Any CPU.Build.0 = Debug|Any CPU
		{9C819FEA-2B60-475A-9D23-DF777344DCF2}.Release|Any CPU.ActiveCfg = Release|Any CPU
		{9C819FEA-2B60-475A-9D23-DF777344DCF2}.Release|Any CPU.Build.0 = Release|Any CPU
		{A517EE27-239F-4AED-9A27-8AAEF2227FAA}.Debug|Any CPU.ActiveCfg = Debug|Any CPU
		{A517EE27-239F-4AED-9A27-8AAEF2227FAA}.Debug|Any CPU.Build.0 = Debug|Any CPU
		{A517EE27-239F-4AED-9A27-8AAEF2227FAA}.Release|Any CPU.ActiveCfg = Release|Any CPU
		{A517EE27-239F-4AED-9A27-8AAEF2227FAA}.Release|Any CPU.Build.0 = Release|Any CPU
		{A72DD34A-F94D-4606-A023-9D2C99333088}.Debug|Any CPU.ActiveCfg = Debug|Any CPU
		{A72DD34A-F94D-4606-A023-9D2C99333088}.Debug|Any CPU.Build.0 = Debug|Any CPU
		{A72DD34A-F94D-4606-A023-9D2C99333088}.Release|Any CPU.ActiveCfg = Release|Any CPU
		{A72DD34A-F94D-4606-A023-9D2C99333088}.Release|Any CPU.Build.0 = Release|Any CPU
		{AEECE34E-E032-4C7E-AE70-921BD6B57A06}.Debug|Any CPU.ActiveCfg = Debug|Any CPU
		{AEECE34E-E032-4C7E-AE70-921BD6B57A06}.Debug|Any CPU.Build.0 = Debug|Any CPU
		{AEECE34E-E032-4C7E-AE70-921BD6B57A06}.Release|Any CPU.ActiveCfg = Release|Any CPU
		{AEECE34E-E032-4C7E-AE70-921BD6B57A06}.Release|Any CPU.Build.0 = Release|Any CPU
		{51A57E1E-802F-4DDB-B4D2-796F7FBFDAC1}.Debug|Any CPU.ActiveCfg = Debug|Any CPU
		{51A57E1E-802F-4DDB-B4D2-796F7FBFDAC1}.Debug|Any CPU.Build.0 = Debug|Any CPU
		{51A57E1E-802F-4DDB-B4D2-796F7FBFDAC1}.Release|Any CPU.ActiveCfg = Release|Any CPU
		{51A57E1E-802F-4DDB-B4D2-796F7FBFDAC1}.Release|Any CPU.Build.0 = Release|Any CPU
		{8337D014-D80B-40B9-9D36-146C067CDD85}.Debug|Any CPU.ActiveCfg = Debug|Any CPU
		{8337D014-D80B-40B9-9D36-146C067CDD85}.Debug|Any CPU.Build.0 = Debug|Any CPU
		{8337D014-D80B-40B9-9D36-146C067CDD85}.Release|Any CPU.ActiveCfg = Release|Any CPU
		{8337D014-D80B-40B9-9D36-146C067CDD85}.Release|Any CPU.Build.0 = Release|Any CPU
		{A21AF85D-A129-42E3-BBFD-27641581AD24}.Debug|Any CPU.ActiveCfg = Debug|Any CPU
		{A21AF85D-A129-42E3-BBFD-27641581AD24}.Debug|Any CPU.Build.0 = Debug|Any CPU
		{A21AF85D-A129-42E3-BBFD-27641581AD24}.Release|Any CPU.ActiveCfg = Release|Any CPU
		{A21AF85D-A129-42E3-BBFD-27641581AD24}.Release|Any CPU.Build.0 = Release|Any CPU
		{0AB79441-F5DE-41DA-8BC1-B6CFCB624A4B}.Debug|Any CPU.ActiveCfg = Debug|Any CPU
		{0AB79441-F5DE-41DA-8BC1-B6CFCB624A4B}.Debug|Any CPU.Build.0 = Debug|Any CPU
		{0AB79441-F5DE-41DA-8BC1-B6CFCB624A4B}.Release|Any CPU.ActiveCfg = Release|Any CPU
		{0AB79441-F5DE-41DA-8BC1-B6CFCB624A4B}.Release|Any CPU.Build.0 = Release|Any CPU
		{5DEE8CC2-45CB-4218-B4EB-D5E38AF7EEA9}.Debug|Any CPU.ActiveCfg = Debug|Any CPU
		{5DEE8CC2-45CB-4218-B4EB-D5E38AF7EEA9}.Debug|Any CPU.Build.0 = Debug|Any CPU
		{5DEE8CC2-45CB-4218-B4EB-D5E38AF7EEA9}.Release|Any CPU.ActiveCfg = Release|Any CPU
		{5DEE8CC2-45CB-4218-B4EB-D5E38AF7EEA9}.Release|Any CPU.Build.0 = Release|Any CPU
		{C97A58F2-B1EC-4BFA-99C8-7F397D63039A}.Debug|Any CPU.ActiveCfg = Debug|Any CPU
		{C97A58F2-B1EC-4BFA-99C8-7F397D63039A}.Debug|Any CPU.Build.0 = Debug|Any CPU
		{C97A58F2-B1EC-4BFA-99C8-7F397D63039A}.Release|Any CPU.ActiveCfg = Release|Any CPU
		{C97A58F2-B1EC-4BFA-99C8-7F397D63039A}.Release|Any CPU.Build.0 = Release|Any CPU
		{9A9E16AE-5975-47FC-B7E7-8A490B34FA0C}.Debug|Any CPU.ActiveCfg = Debug|Any CPU
		{9A9E16AE-5975-47FC-B7E7-8A490B34FA0C}.Debug|Any CPU.Build.0 = Debug|Any CPU
		{9A9E16AE-5975-47FC-B7E7-8A490B34FA0C}.Release|Any CPU.ActiveCfg = Release|Any CPU
		{9A9E16AE-5975-47FC-B7E7-8A490B34FA0C}.Release|Any CPU.Build.0 = Release|Any CPU
		{A3D0B922-52F8-406E-B4CE-D1AB0D602BE5}.Debug|Any CPU.ActiveCfg = Debug|Any CPU
		{A3D0B922-52F8-406E-B4CE-D1AB0D602BE5}.Debug|Any CPU.Build.0 = Debug|Any CPU
		{A3D0B922-52F8-406E-B4CE-D1AB0D602BE5}.Release|Any CPU.ActiveCfg = Release|Any CPU
		{A3D0B922-52F8-406E-B4CE-D1AB0D602BE5}.Release|Any CPU.Build.0 = Release|Any CPU
		{20FD485A-63A6-4E29-B1F8-1155D27B3501}.Debug|Any CPU.ActiveCfg = Debug|Any CPU
		{20FD485A-63A6-4E29-B1F8-1155D27B3501}.Debug|Any CPU.Build.0 = Debug|Any CPU
		{20FD485A-63A6-4E29-B1F8-1155D27B3501}.Release|Any CPU.ActiveCfg = Release|Any CPU
		{20FD485A-63A6-4E29-B1F8-1155D27B3501}.Release|Any CPU.Build.0 = Release|Any CPU
		{EA6655EC-7729-4370-88FF-233C485D1FA0}.Debug|Any CPU.ActiveCfg = Debug|Any CPU
		{EA6655EC-7729-4370-88FF-233C485D1FA0}.Debug|Any CPU.Build.0 = Debug|Any CPU
		{EA6655EC-7729-4370-88FF-233C485D1FA0}.Release|Any CPU.ActiveCfg = Release|Any CPU
		{EA6655EC-7729-4370-88FF-233C485D1FA0}.Release|Any CPU.Build.0 = Release|Any CPU
		{65E397AD-277B-453C-9D8A-F0D1FD389004}.Debug|Any CPU.ActiveCfg = Debug|Any CPU
		{65E397AD-277B-453C-9D8A-F0D1FD389004}.Debug|Any CPU.Build.0 = Debug|Any CPU
		{65E397AD-277B-453C-9D8A-F0D1FD389004}.Release|Any CPU.ActiveCfg = Release|Any CPU
		{65E397AD-277B-453C-9D8A-F0D1FD389004}.Release|Any CPU.Build.0 = Release|Any CPU
		{12D444F7-C9D1-4F3D-BD50-579188A6F5D3}.Debug|Any CPU.ActiveCfg = Debug|Any CPU
		{12D444F7-C9D1-4F3D-BD50-579188A6F5D3}.Debug|Any CPU.Build.0 = Debug|Any CPU
		{12D444F7-C9D1-4F3D-BD50-579188A6F5D3}.Release|Any CPU.ActiveCfg = Release|Any CPU
		{12D444F7-C9D1-4F3D-BD50-579188A6F5D3}.Release|Any CPU.Build.0 = Release|Any CPU
		{9514BD0D-BFA2-4EBC-9A71-915C4270EFF0}.Debug|Any CPU.ActiveCfg = Debug|Any CPU
		{9514BD0D-BFA2-4EBC-9A71-915C4270EFF0}.Debug|Any CPU.Build.0 = Debug|Any CPU
		{9514BD0D-BFA2-4EBC-9A71-915C4270EFF0}.Release|Any CPU.ActiveCfg = Release|Any CPU
		{9514BD0D-BFA2-4EBC-9A71-915C4270EFF0}.Release|Any CPU.Build.0 = Release|Any CPU
		{C8868C94-B75E-4F82-9BD8-2AB5C08B7B06}.Debug|Any CPU.ActiveCfg = Debug|Any CPU
		{C8868C94-B75E-4F82-9BD8-2AB5C08B7B06}.Debug|Any CPU.Build.0 = Debug|Any CPU
		{C8868C94-B75E-4F82-9BD8-2AB5C08B7B06}.Release|Any CPU.ActiveCfg = Release|Any CPU
		{C8868C94-B75E-4F82-9BD8-2AB5C08B7B06}.Release|Any CPU.Build.0 = Release|Any CPU
		{BE4F6418-7549-49D8-B10D-4AF53FD04619}.Debug|Any CPU.ActiveCfg = Debug|Any CPU
		{BE4F6418-7549-49D8-B10D-4AF53FD04619}.Debug|Any CPU.Build.0 = Debug|Any CPU
		{BE4F6418-7549-49D8-B10D-4AF53FD04619}.Release|Any CPU.ActiveCfg = Release|Any CPU
		{BE4F6418-7549-49D8-B10D-4AF53FD04619}.Release|Any CPU.Build.0 = Release|Any CPU
	EndGlobalSection
	GlobalSection(SolutionProperties) = preSolution
		HideSolutionNode = FALSE
	EndGlobalSection
	GlobalSection(NestedProjects) = preSolution
		{F98285B3-7CC7-48AA-B655-8990F99CB7C1} = {3E9F26BF-944F-4353-A9C9-D55B930D6795}
		{31088AAC-4656-4F1D-85B8-EBD2A1A82315} = {05530856-34D6-4340-A83B-4A6EE8F109B1}
		{5F1BB07D-5370-4BAC-9233-EF93ABC33D7A} = {31088AAC-4656-4F1D-85B8-EBD2A1A82315}
		{1222BA0D-D930-480B-B26C-A06B9D280FBF} = {31088AAC-4656-4F1D-85B8-EBD2A1A82315}
		{C95746B0-5083-451B-8636-F7AEFEB61DC0} = {31088AAC-4656-4F1D-85B8-EBD2A1A82315}
		{56D83D88-AF42-477D-8D16-5C01B0C797BD} = {31088AAC-4656-4F1D-85B8-EBD2A1A82315}
		{B577A31C-1091-484D-8F58-6CA4A9383217} = {DD3E6232-B9BF-4CB4-8EC6-A3DDB2CB1A26}
		{9954D0A2-78A0-4F1A-BD0A-64A1A2049CB8} = {05530856-34D6-4340-A83B-4A6EE8F109B1}
		{A56AD689-013D-4A83-9EE7-5167C146307D} = {9954D0A2-78A0-4F1A-BD0A-64A1A2049CB8}
		{0A8806C9-C0C2-423F-BB39-D8CA39269D19} = {9954D0A2-78A0-4F1A-BD0A-64A1A2049CB8}
		{E9043C73-2DAF-4497-9AA4-E1784A59554D} = {9954D0A2-78A0-4F1A-BD0A-64A1A2049CB8}
		{8323F4A3-CF8B-46E8-9E61-E82A90E21C2A} = {9954D0A2-78A0-4F1A-BD0A-64A1A2049CB8}
		{8C622D4B-847D-4534-AD54-4A2D2B3208BB} = {05530856-34D6-4340-A83B-4A6EE8F109B1}
		{6FF24F21-943E-4835-B9CB-2D2AA64A15E9} = {8C622D4B-847D-4534-AD54-4A2D2B3208BB}
		{F3513762-4ECC-46C4-B374-0DD30B48CA13} = {8C622D4B-847D-4534-AD54-4A2D2B3208BB}
		{CC57A079-AF99-4912-A4A2-82ABB3F05430} = {8C622D4B-847D-4534-AD54-4A2D2B3208BB}
		{08B8D558-24EE-4550-AF21-587D8206CCCA} = {8C622D4B-847D-4534-AD54-4A2D2B3208BB}
		{54C01646-C629-4D5C-820D-5085CB1AC55E} = {05530856-34D6-4340-A83B-4A6EE8F109B1}
		{595765C9-7A57-4625-8261-600C232C406B} = {54C01646-C629-4D5C-820D-5085CB1AC55E}
		{F5693891-68FB-4351-AFC2-32976E119903} = {54C01646-C629-4D5C-820D-5085CB1AC55E}
		{556B1480-A270-4045-91C0-051A75E2EBFA} = {54C01646-C629-4D5C-820D-5085CB1AC55E}
		{CBAADCCB-DEB8-4DA2-BC42-6911048DEED2} = {54C01646-C629-4D5C-820D-5085CB1AC55E}
		{F4D0AEE4-9F03-4C7A-9813-FCD3412F8EBA} = {B7CF44FB-F7A4-4987-B962-8889321BE459}
		{B7CF44FB-F7A4-4987-B962-8889321BE459} = {05530856-34D6-4340-A83B-4A6EE8F109B1}
		{16127FB2-BB8C-4CE1-BFB3-84C4F56BBF22} = {B7CF44FB-F7A4-4987-B962-8889321BE459}
		{B8C4CF36-380C-4954-99EB-42BCF5D41B77} = {B7CF44FB-F7A4-4987-B962-8889321BE459}
		{C034CCF0-8785-4DA3-B956-4E6438FC8B5D} = {B7CF44FB-F7A4-4987-B962-8889321BE459}
		{48EDD018-4444-47BF-B819-0058EB656C85} = {05530856-34D6-4340-A83B-4A6EE8F109B1}
		{02B5F9DF-D67E-4042-A390-6AE7E85C6E2F} = {48EDD018-4444-47BF-B819-0058EB656C85}
		{8783CF62-18A8-4FEA-B6D4-C3B4EF2993F5} = {48EDD018-4444-47BF-B819-0058EB656C85}
		{CF0F5C9C-12F6-4040-B62D-CD79E6FF9352} = {48EDD018-4444-47BF-B819-0058EB656C85}
		{DF083F9B-E54D-4026-BF21-14F775FF474A} = {48EDD018-4444-47BF-B819-0058EB656C85}
		{3A87B4C5-0393-4BFB-9EAE-70FAF838122E} = {05530856-34D6-4340-A83B-4A6EE8F109B1}
		{1D8CD238-39FC-4A14-B115-8C6F80F5C818} = {3A87B4C5-0393-4BFB-9EAE-70FAF838122E}
		{8B0B6755-5656-484E-A629-415EBCB6801C} = {3A87B4C5-0393-4BFB-9EAE-70FAF838122E}
		{67377BF9-D3BF-450E-92DB-D0D6F5BA8C3D} = {3A87B4C5-0393-4BFB-9EAE-70FAF838122E}
		{64871D17-5550-455C-84CC-EE42269E8A88} = {3A87B4C5-0393-4BFB-9EAE-70FAF838122E}
		{F5D88124-E48F-498E-AF87-5D0F5D137B3A} = {05530856-34D6-4340-A83B-4A6EE8F109B1}
		{C053BB05-A40D-468E-9F46-B2E353CDDEBF} = {F5D88124-E48F-498E-AF87-5D0F5D137B3A}
		{191BEBD5-8164-420C-BEB0-0C239C909461} = {F5D88124-E48F-498E-AF87-5D0F5D137B3A}
		{CC5A644B-7E8D-4C88-AE25-97C9A9F02CF7} = {F5D88124-E48F-498E-AF87-5D0F5D137B3A}
		{64A9D483-916B-4AC4-A5AF-CF51640AD131} = {F5D88124-E48F-498E-AF87-5D0F5D137B3A}
		{A2AAB09E-25AA-404A-B304-4955CCA8F195} = {05530856-34D6-4340-A83B-4A6EE8F109B1}
		{260DE540-03D2-4AC7-A69C-C6046134ED22} = {A2AAB09E-25AA-404A-B304-4955CCA8F195}
		{3F855CFE-DB77-4ABF-B6C0-C81D2AEA2AF6} = {A2AAB09E-25AA-404A-B304-4955CCA8F195}
		{168F1D42-B4BE-409C-A979-22F248B9D133} = {A2AAB09E-25AA-404A-B304-4955CCA8F195}
		{0DA8154A-02F1-453E-B1F0-AA7ED567A627} = {A2AAB09E-25AA-404A-B304-4955CCA8F195}
		{A84533B1-2878-4216-8F99-3E3757744516} = {05530856-34D6-4340-A83B-4A6EE8F109B1}
		{ACECF01E-B07E-4613-9774-533C91C88AA9} = {A84533B1-2878-4216-8F99-3E3757744516}
		{85492BAB-23C2-4B22-91C9-7EAB31275392} = {A84533B1-2878-4216-8F99-3E3757744516}
		{8C211977-2D70-4518-8B89-AD93A86A2A23} = {A84533B1-2878-4216-8F99-3E3757744516}
		{06A2C33E-0FE7-4DED-BDAD-192DD400794E} = {A84533B1-2878-4216-8F99-3E3757744516}
		{F4D8123A-7BEC-473C-962F-5C671DEBDEA8} = {05530856-34D6-4340-A83B-4A6EE8F109B1}
		{4026D161-D78C-4396-A324-6701A5484CE5} = {F4D8123A-7BEC-473C-962F-5C671DEBDEA8}
		{9C819FEA-2B60-475A-9D23-DF777344DCF2} = {F4D8123A-7BEC-473C-962F-5C671DEBDEA8}
		{626EA706-F41F-492A-9AB0-F7347DB50DEB} = {05530856-34D6-4340-A83B-4A6EE8F109B1}
		{A517EE27-239F-4AED-9A27-8AAEF2227FAA} = {626EA706-F41F-492A-9AB0-F7347DB50DEB}
		{A72DD34A-F94D-4606-A023-9D2C99333088} = {626EA706-F41F-492A-9AB0-F7347DB50DEB}
		{AEECE34E-E032-4C7E-AE70-921BD6B57A06} = {626EA706-F41F-492A-9AB0-F7347DB50DEB}
		{51A57E1E-802F-4DDB-B4D2-796F7FBFDAC1} = {626EA706-F41F-492A-9AB0-F7347DB50DEB}
		{8337D014-D80B-40B9-9D36-146C067CDD85} = {F4D8123A-7BEC-473C-962F-5C671DEBDEA8}
		{A21AF85D-A129-42E3-BBFD-27641581AD24} = {F4D8123A-7BEC-473C-962F-5C671DEBDEA8}
		{A7095422-6628-4959-AEC0-A96C095C2000} = {05530856-34D6-4340-A83B-4A6EE8F109B1}
		{0AB79441-F5DE-41DA-8BC1-B6CFCB624A4B} = {A7095422-6628-4959-AEC0-A96C095C2000}
		{5DEE8CC2-45CB-4218-B4EB-D5E38AF7EEA9} = {A7095422-6628-4959-AEC0-A96C095C2000}
		{C97A58F2-B1EC-4BFA-99C8-7F397D63039A} = {A7095422-6628-4959-AEC0-A96C095C2000}
		{9A9E16AE-5975-47FC-B7E7-8A490B34FA0C} = {A7095422-6628-4959-AEC0-A96C095C2000}
		{73D8AE05-638D-411C-A315-ED248D816EDE} = {05530856-34D6-4340-A83B-4A6EE8F109B1}
		{A3D0B922-52F8-406E-B4CE-D1AB0D602BE5} = {73D8AE05-638D-411C-A315-ED248D816EDE}
		{20FD485A-63A6-4E29-B1F8-1155D27B3501} = {73D8AE05-638D-411C-A315-ED248D816EDE}
		{EA6655EC-7729-4370-88FF-233C485D1FA0} = {73D8AE05-638D-411C-A315-ED248D816EDE}
		{65E397AD-277B-453C-9D8A-F0D1FD389004} = {73D8AE05-638D-411C-A315-ED248D816EDE}
		{339D4A34-FA12-45F8-A7D5-12188954A0D4} = {05530856-34D6-4340-A83B-4A6EE8F109B1}
		{12D444F7-C9D1-4F3D-BD50-579188A6F5D3} = {339D4A34-FA12-45F8-A7D5-12188954A0D4}
		{9514BD0D-BFA2-4EBC-9A71-915C4270EFF0} = {339D4A34-FA12-45F8-A7D5-12188954A0D4}
		{C8868C94-B75E-4F82-9BD8-2AB5C08B7B06} = {339D4A34-FA12-45F8-A7D5-12188954A0D4}
		{BE4F6418-7549-49D8-B10D-4AF53FD04619} = {339D4A34-FA12-45F8-A7D5-12188954A0D4}
	EndGlobalSection
	GlobalSection(ExtensibilityGlobals) = postSolution
		SolutionGuid = {61A5BF89-D6F8-4732-89A1-17ABD3A4A757}
	EndGlobalSection
EndGlobal
